
Microsoft Visual Studio Solution File, Format Version 12.00
# Visual Studio Version 17
VisualStudioVersion = 17.7.34003.232
MinimumVisualStudioVersion = 10.0.40219.1
Project("{FAE04EC0-301F-11D3-BF4B-00C04F79EFBC}") = "Odev2", "Odev2\Odev2.csproj", "{B41FDACA-82D0-4CD4-A6E8-65E14F729874}"
EndProject
Global
	GlobalSection(SolutionConfigurationPlatforms) = preSolution
		Debug|Any CPU = Debug|Any CPU
		Release|Any CPU = Release|Any CPU
	EndGlobalSection
	GlobalSection(ProjectConfigurationPlatforms) = postSolution
		{B41FDACA-82D0-4CD4-A6E8-65E14F729874}.Debug|Any CPU.ActiveCfg = Debug|Any CPU
		{B41FDACA-82D0-4CD4-A6E8-65E14F729874}.Debug|Any CPU.Build.0 = Debug|Any CPU
		{B41FDACA-82D0-4CD4-A6E8-65E14F729874}.Release|Any CPU.ActiveCfg = Release|Any CPU
		{B41FDACA-82D0-4CD4-A6E8-65E14F729874}.Release|Any CPU.Build.0 = Release|Any CPU
	EndGlobalSection
	GlobalSection(SolutionProperties) = preSolution
		HideSolutionNode = FALSE
	EndGlobalSection
	GlobalSection(ExtensibilityGlobals) = postSolution
		SolutionGuid = {16C330EA-DB2F-4688-9229-C7E917407567}
	EndGlobalSection
EndGlobal
